Microsoft Visual Studio Solution File, Format Version 12.00
# Visual Studio Version 17
VisualStudioVersion = 17.13.35731.43
MinimumVisualStudioVersion = 10.0.40219.1
Project("{2150E333-8FDC-42A3-9474-1A3956D46DE8}") = "Services", "Services", "{02EA681E-C7D8-13C7-8484-4AC65E1B71E8}"
EndProject
Project("{2150E333-8FDC-42A3-9474-1A3956D46DE8}") = "Catalog", "Catalog", "{3361DE59-8168-4CB9-AC0A-FD8F02F22197}"
EndProject
Project("{2150E333-8FDC-42A3-9474-1A3956D46DE8}") = "Basket", "Basket", "{26180DEA-71C3-4010-95E3-19B84D336CD1}"
EndProject
Project("{2150E333-8FDC-42A3-9474-1A3956D46DE8}") = "Discount", "Discount", "{CF1372C7-E524-474F-BCE4-8072F362579D}"
EndProject
Project("{2150E333-8FDC-42A3-9474-1A3956D46DE8}") = "Order", "Order", "{EEF8B201-A3F0-44E9-BC2E-0871FE438CA1}"
EndProject
Project("{2150E333-8FDC-42A3-9474-1A3956D46DE8}") = "Frontends", "Frontends", "{CD1BA46F-B1DF-4EE7-86D6-42F7F50A8B8C}"
EndProject
Project("{2150E333-8FDC-42A3-9474-1A3956D46DE8}") = "IdentityServer", "IdentityServer", "{05B69181-900A-4B31-A97A-E079866EB734}"
EndProject
Project("{FAE04EC0-301F-11D3-BF4B-00C04F79EFBC}") = "ECommerce.Catalog", "Services\Catalog\ECommerce.Catalog\ECommerce.Catalog.csproj", "{1D7C839A-154E-475F-B773-68C8B2AB99D7}"
EndProject
Project("{FAE04EC0-301F-11D3-BF4B-00C04F79EFBC}") = "Ecommerce.Discount", "Services\Discount\Ecommerce.Discount\Ecommerce.Discount.csproj", "{173F1FBD-E23E-43FD-A022-A859AE8AEDB3}"
EndProject
Project("{2150E333-8FDC-42A3-9474-1A3956D46DE8}") = "Shared", "Shared", "{B4D318CB-A055-4D26-B365-013253788042}"
	ProjectSection(SolutionItems) = preProject
		Ports.txt = Ports.txt
	EndProjectSection
EndProject
Project("{2150E333-8FDC-42A3-9474-1A3956D46DE8}") = "Core", "Core", "{D665B5AA-5EE7-4D12-9154-B7C96690326F}"
EndProject
Project("{2150E333-8FDC-42A3-9474-1A3956D46DE8}") = "Infrastructure", "Infrastructure", "{BCA48D40-2EF9-43C5-93B8-8464C8DF66FD}"
EndProject
Project("{2150E333-8FDC-42A3-9474-1A3956D46DE8}") = "Presentation", "Presentation", "{C9071CA2-8A01-467A-9C96-EBCE460C4753}"
EndProject
Project("{FAE04EC0-301F-11D3-BF4B-00C04F79EFBC}") = "ECommerce.Order.Domain", "Services\Order\Core\ECommerce.Order.Domain\ECommerce.Order.Domain.csproj", "{73FAA36E-83F8-47A2-AC4A-8124C36CD6C8}"
EndProject
Project("{FAE04EC0-301F-11D3-BF4B-00C04F79EFBC}") = "ECommerce.Order.Application", "Services\Order\Core\ECommerce.Order.Application\ECommerce.Order.Application.csproj", "{F66DFEC0-133B-4307-8223-CB7C758C416E}"
EndProject
Project("{FAE04EC0-301F-11D3-BF4B-00C04F79EFBC}") = "ECommerce.Order.Persistence", "Services\Order\Infrastructure\ECommerce.Order.Persistence\ECommerce.Order.Persistence.csproj", "{B67B9D3A-10E2-4710-B808-F7FEED8A9BF4}"
EndProject
Project("{FAE04EC0-301F-11D3-BF4B-00C04F79EFBC}") = "ECommerce.Order.API", "Services\Order\Presentation\ECommerce.Order.API\ECommerce.Order.API.csproj", "{4346BE51-1902-4F27-89F7-F084D22EA008}"
EndProject
Project("{FAE04EC0-301F-11D3-BF4B-00C04F79EFBC}") = "ECommerce.Basket", "Services\Basket\ECommerce.Basket\ECommerce.Basket.csproj", "{9B30F418-CD80-4388-9236-B9F20CDF1663}"
EndProject
Global
	GlobalSection(SolutionConfigurationPlatforms) = preSolution
		Debug|Any CPU = Debug|Any CPU
		Release|Any CPU = Release|Any CPU
	EndGlobalSection
	GlobalSection(ProjectConfigurationPlatforms) = postSolution
		{1D7C839A-154E-475F-B773-68C8B2AB99D7}.Debug|Any CPU.ActiveCfg = Debug|Any CPU
		{1D7C839A-154E-475F-B773-68C8B2AB99D7}.Debug|Any CPU.Build.0 = Debug|Any CPU
		{1D7C839A-154E-475F-B773-68C8B2AB99D7}.Release|Any CPU.ActiveCfg = Release|Any CPU
		{1D7C839A-154E-475F-B773-68C8B2AB99D7}.Release|Any CPU.Build.0 = Release|Any CPU
		{173F1FBD-E23E-43FD-A022-A859AE8AEDB3}.Debug|Any CPU.ActiveCfg = Debug|Any CPU
		{173F1FBD-E23E-43FD-A022-A859AE8AEDB3}.Debug|Any CPU.Build.0 = Debug|Any CPU
		{173F1FBD-E23E-43FD-A022-A859AE8AEDB3}.Release|Any CPU.ActiveCfg = Release|Any CPU
		{173F1FBD-E23E-43FD-A022-A859AE8AEDB3}.Release|Any CPU.Build.0 = Release|Any CPU
		{73FAA36E-83F8-47A2-AC4A-8124C36CD6C8}.Debug|Any CPU.ActiveCfg = Debug|Any CPU
		{73FAA36E-83F8-47A2-AC4A-8124C36CD6C8}.Debug|Any CPU.Build.0 = Debug|Any CPU
		{73FAA36E-83F8-47A2-AC4A-8124C36CD6C8}.Release|Any CPU.ActiveCfg = Release|Any CPU
		{73FAA36E-83F8-47A2-AC4A-8124C36CD6C8}.Release|Any CPU.Build.0 = Release|Any CPU
		{F66DFEC0-133B-4307-8223-CB7C758C416E}.Debug|Any CPU.ActiveCfg = Debug|Any CPU
		{F66DFEC0-133B-4307-8223-CB7C758C416E}.Debug|Any CPU.Build.0 = Debug|Any CPU
		{F66DFEC0-133B-4307-8223-CB7C758C416E}.Release|Any CPU.ActiveCfg = Release|Any CPU
		{F66DFEC0-133B-4307-8223-CB7C758C416E}.Release|Any CPU.Build.0 = Release|Any CPU
		{B67B9D3A-10E2-4710-B808-F7FEED8A9BF4}.Debug|Any CPU.ActiveCfg = Debug|Any CPU
		{B67B9D3A-10E2-4710-B808-F7FEED8A9BF4}.Debug|Any CPU.Build.0 = Debug|Any CPU
		{B67B9D3A-10E2-4710-B808-F7FEED8A9BF4}.Release|Any CPU.ActiveCfg = Release|Any CPU
		{B67B9D3A-10E2-4710-B808-F7FEED8A9BF4}.Release|Any CPU.Build.0 = Release|Any CPU
		{4346BE51-1902-4F27-89F7-F084D22EA008}.Debug|Any CPU.ActiveCfg = Debug|Any CPU
		{4346BE51-1902-4F27-89F7-F084D22EA008}.Debug|Any CPU.Build.0 = Debug|Any CPU
		{4346BE51-1902-4F27-89F7-F084D22EA008}.Release|Any CPU.ActiveCfg = Release|Any CPU
		{4346BE51-1902-4F27-89F7-F084D22EA008}.Release|Any CPU.Build.0 = Release|Any CPU
		{9B30F418-CD80-4388-9236-B9F20CDF1663}.Debug|Any CPU.ActiveCfg = Debug|Any CPU
		{9B30F418-CD80-4388-9236-B9F20CDF1663}.Debug|Any CPU.Build.0 = Debug|Any CPU
		{9B30F418-CD80-4388-9236-B9F20CDF1663}.Release|Any CPU.ActiveCfg = Release|Any CPU
		{9B30F418-CD80-4388-9236-B9F20CDF1663}.Release|Any CPU.Build.0 = Release|Any CPU
	EndGlobalSection
	GlobalSection(SolutionProperties) = preSolution
		HideSolutionNode = FALSE
	EndGlobalSection
	GlobalSection(NestedProjects) = preSolution
		{3361DE59-8168-4CB9-AC0A-FD8F02F22197} = {02EA681E-C7D8-13C7-8484-4AC65E1B71E8}
		{26180DEA-71C3-4010-95E3-19B84D336CD1} = {02EA681E-C7D8-13C7-8484-4AC65E1B71E8}
		{CF1372C7-E524-474F-BCE4-8072F362579D} = {02EA681E-C7D8-13C7-8484-4AC65E1B71E8}
		{EEF8B201-A3F0-44E9-BC2E-0871FE438CA1} = {02EA681E-C7D8-13C7-8484-4AC65E1B71E8}
		{1D7C839A-154E-475F-B773-68C8B2AB99D7} = {3361DE59-8168-4CB9-AC0A-FD8F02F22197}
		{173F1FBD-E23E-43FD-A022-A859AE8AEDB3} = {CF1372C7-E524-474F-BCE4-8072F362579D}
		{D665B5AA-5EE7-4D12-9154-B7C96690326F} = {EEF8B201-A3F0-44E9-BC2E-0871FE438CA1}
		{BCA48D40-2EF9-43C5-93B8-8464C8DF66FD} = {EEF8B201-A3F0-44E9-BC2E-0871FE438CA1}
		{C9071CA2-8A01-467A-9C96-EBCE460C4753} = {EEF8B201-A3F0-44E9-BC2E-0871FE438CA1}
		{73FAA36E-83F8-47A2-AC4A-8124C36CD6C8} = {D665B5AA-5EE7-4D12-9154-B7C96690326F}
		{F66DFEC0-133B-4307-8223-CB7C758C416E} = {D665B5AA-5EE7-4D12-9154-B7C96690326F}
		{B67B9D3A-10E2-4710-B808-F7FEED8A9BF4} = {BCA48D40-2EF9-43C5-93B8-8464C8DF66FD}
		{4346BE51-1902-4F27-89F7-F084D22EA008} = {C9071CA2-8A01-467A-9C96-EBCE460C4753}
		{9B30F418-CD80-4388-9236-B9F20CDF1663} = {26180DEA-71C3-4010-95E3-19B84D336CD1}
	EndGlobalSection
	GlobalSection(ExtensibilityGlobals) = postSolution
		SolutionGuid = {D66D4BD8-673E-4BCB-85AB-1DE1D49CED02}
	EndGlobalSection
EndGlobal
